
Microsoft Visual Studio Solution File, Format Version 12.00
# Visual Studio Version 17
VisualStudioVersion = 17.10.34916.146
MinimumVisualStudioVersion = 10.0.40219.1
Project("{9A19103F-16F7-4668-BE54-9A1E7A4F7556}") = "BulkyWeb", "BulkyWeb\BulkyWeb.csproj", "{AC0584B7-E0AE-4995-8CCC-A32DF963CE96}"
EndProject
Project("{9A19103F-16F7-4668-BE54-9A1E7A4F7556}") = "Bulky.DataAccess", "Bulky.DataAccess\Bulky.DataAccess.csproj", "{9741B74F-31B2-4255-9124-E3E11322CFF9}"
EndProject
Project("{9A19103F-16F7-4668-BE54-9A1E7A4F7556}") = "Bulky.Models", "Bulky.Models\Bulky.Models.csproj", "{1AC41F8A-5804-4EE6-96EB-B05546347848}"
EndProject
Project("{9A19103F-16F7-4668-BE54-9A1E7A4F7556}") = "Bulky.Utility", "Bulky.Utility\Bulky.Utility.csproj", "{ED663B5D-720D-4BB6-A37B-90EE72490A32}"
EndProject
Global
	GlobalSection(SolutionConfigurationPlatforms) = preSolution
		Debug|Any CPU = Debug|Any CPU
		Release|Any CPU = Release|Any CPU
	EndGlobalSection
	GlobalSection(ProjectConfigurationPlatforms) = postSolution
		{AC0584B7-E0AE-4995-8CCC-A32DF963CE96}.Debug|Any CPU.ActiveCfg = Debug|Any CPU
		{AC0584B7-E0AE-4995-8CCC-A32DF963CE96}.Debug|Any CPU.Build.0 = Debug|Any CPU
		{AC0584B7-E0AE-4995-8CCC-A32DF963CE96}.Release|Any CPU.ActiveCfg = Release|Any CPU
		{AC0584B7-E0AE-4995-8CCC-A32DF963CE96}.Release|Any CPU.Build.0 = Release|Any CPU
		{9741B74F-31B2-4255-9124-E3E11322CFF9}.Debug|Any CPU.ActiveCfg = Debug|Any CPU
		{9741B74F-31B2-4255-9124-E3E11322CFF9}.Debug|Any CPU.Build.0 = Debug|Any CPU
		{9741B74F-31B2-4255-9124-E3E11322CFF9}.Release|Any CPU.ActiveCfg = Release|Any CPU
		{9741B74F-31B2-4255-9124-E3E11322CFF9}.Release|Any CPU.Build.0 = Release|Any CPU
		{1AC41F8A-5804-4EE6-96EB-B05546347848}.Debug|Any CPU.ActiveCfg = Debug|Any CPU
		{1AC41F8A-5804-4EE6-96EB-B05546347848}.Debug|Any CPU.Build.0 = Debug|Any CPU
		{1AC41F8A-5804-4EE6-96EB-B05546347848}.Release|Any CPU.ActiveCfg = Release|Any CPU
		{1AC41F8A-5804-4EE6-96EB-B05546347848}.Release|Any CPU.Build.0 = Release|Any CPU
		{ED663B5D-720D-4BB6-A37B-90EE72490A32}.Debug|Any CPU.ActiveCfg = Debug|Any CPU
		{ED663B5D-720D-4BB6-A37B-90EE72490A32}.Debug|Any CPU.Build.0 = Debug|Any CPU
		{ED663B5D-720D-4BB6-A37B-90EE72490A32}.Release|Any CPU.ActiveCfg = Release|Any CPU
		{ED663B5D-720D-4BB6-A37B-90EE72490A32}.Release|Any CPU.Build.0 = Release|Any CPU
	EndGlobalSection
	GlobalSection(SolutionProperties) = preSolution
		HideSolutionNode = FALSE
	EndGlobalSection
	GlobalSection(ExtensibilityGlobals) = postSolution
		SolutionGuid = {005053FD-156E-4147-8B94-09586A3F27E3}
	EndGlobalSection
EndGlobal
